
Microsoft Visual Studio Solution File, Format Version 12.00
# Visual Studio 15
VisualStudioVersion = 15.0.28307.271
MinimumVisualStudioVersion = 10.0.40219.1
Project("{9A19103F-16F7-4668-BE54-9A1E7A4F7556}") = "ADAuthentication", "ADAuthentication\ADAuthentication.csproj", "{D32A9382-435E-4C94-80A2-97FA42491382}"
EndProject
Global
	GlobalSection(SolutionConfigurationPlatforms) = preSolution
		Debug|Any CPU = Debug|Any CPU
		Release|Any CPU = Release|Any CPU
	EndGlobalSection
	GlobalSection(ProjectConfigurationPlatforms) = postSolution
		{D32A9382-435E-4C94-80A2-97FA42491382}.Debug|Any CPU.ActiveCfg = Debug|Any CPU
		{D32A9382-435E-4C94-80A2-97FA42491382}.Debug|Any CPU.Build.0 = Debug|Any CPU
		{D32A9382-435E-4C94-80A2-97FA42491382}.Release|Any CPU.ActiveCfg = Release|Any CPU
		{D32A9382-435E-4C94-80A2-97FA42491382}.Release|Any CPU.Build.0 = Release|Any CPU
	EndGlobalSection
	GlobalSection(SolutionProperties) = preSolution
		HideSolutionNode = FALSE
	EndGlobalSection
	GlobalSection(ExtensibilityGlobals) = postSolution
		SolutionGuid = {1315CCFA-DAB0-4641-987C-9E3CC6ECD00B}
	EndGlobalSection
EndGlobal
